# THIS IS AN AUTOGENERATED FILE. DO NOT EDIT THIS FILE DIRECTLY.
# yarn lockfile v1


midi-writer-js@^1.7.5:
  version "1.7.5"
  resolved "https://registry.yarnpkg.com/midi-writer-js/-/midi-writer-js-1.7.5.tgz#76a65d18fe665d25c5878aa03eee74c5b7107c93"
  integrity sha512-JTWcKdsrvfzMehRwIggK53F7NHHyNr2eUxPnaFrz8acnq6vPRvbdVAvzOqzbMMcaYW08k/Ujx9DfviumlD0czA==
  dependencies:
    tonal-midi "^0.69.7"

note-parser@^2.0.1:
  version "2.0.1"
  resolved "https://registry.yarnpkg.com/note-parser/-/note-parser-2.0.1.tgz#2438fd57a46894b402b3a2071798660129c8fbc1"
  integrity sha1-JDj9V6RolLQCs6IHF5hmASnI+8E=

tonal-midi@^0.69.7:
  version "0.69.7"
  resolved "https://registry.yarnpkg.com/tonal-midi/-/tonal-midi-0.69.7.tgz#e754ec93f3dbdb28a6d39d42457c33ad245ffa47"
  integrity sha1-51Tsk/Pb2yim051CRXwzrSRf+kc=
  dependencies:
    note-parser "^2.0.1"
